
Microsoft Visual Studio Solution File, Format Version 12.00
# Visual Studio Version 17
VisualStudioVersion = 17.3.32804.467
MinimumVisualStudioVersion = 10.0.40219.1
Project("{FAE04EC0-301F-11D3-BF4B-00C04F79EFBC}") = "ContactsAPI", "ContactsAPI\ContactsAPI.csproj", "{052CAE1A-E6CE-4985-8551-C51A2BCC635D}"
EndProject
Global
	GlobalSection(SolutionConfigurationPlatforms) = preSolution
		Debug|Any CPU = Debug|Any CPU
		Release|Any CPU = Release|Any CPU
	EndGlobalSection
	GlobalSection(ProjectConfigurationPlatforms) = postSolution
		{052CAE1A-E6CE-4985-8551-C51A2BCC635D}.Debug|Any CPU.ActiveCfg = Debug|Any CPU
		{052CAE1A-E6CE-4985-8551-C51A2BCC635D}.Debug|Any CPU.Build.0 = Debug|Any CPU
		{052CAE1A-E6CE-4985-8551-C51A2BCC635D}.Release|Any CPU.ActiveCfg = Release|Any CPU
		{052CAE1A-E6CE-4985-8551-C51A2BCC635D}.Release|Any CPU.Build.0 = Release|Any CPU
	EndGlobalSection
	GlobalSection(SolutionProperties) = preSolution
		HideSolutionNode = FALSE
	EndGlobalSection
	GlobalSection(ExtensibilityGlobals) = postSolution
		SolutionGuid = {E245A966-62AD-4773-8067-590B0EAC2612}
	EndGlobalSection
EndGlobal
